
Microsoft Visual Studio Solution File, Format Version 11.00
# Visual Studio 2010
Project("{FAE04EC0-301F-11D3-BF4B-00C04F79EFBC}") = "RTSCTF", "RTSCTF\RTSCTF.csproj", "{CC99B0CA-DBCD-4E70-8BB4-F7D1D043E2A6}"
EndProject
Project("{E24C65DC-7377-472B-9ABA-BC803B73C61A}") = "RTSCTF.Web", "RTSCTF.Web\", "{31C04476-A891-4C3E-B83D-3C37DCA6688B}"
	ProjectSection(WebsiteProperties) = preProject
		TargetFrameworkMoniker = ".NETFramework,Version%3Dv4.0"
		Debug.AspNetCompiler.VirtualPath = "/RTSCTF.Web"
		Debug.AspNetCompiler.PhysicalPath = "RTSCTF.Web\"
		Debug.AspNetCompiler.TargetPath = "PrecompiledWeb\RTSCTF.Web\"
		Debug.AspNetCompiler.Updateable = "true"
		Debug.AspNetCompiler.ForceOverwrite = "true"
		Debug.AspNetCompiler.FixedNames = "false"
		Debug.AspNetCompiler.Debug = "True"
		Release.AspNetCompiler.VirtualPath = "/RTSCTF.Web"
		Release.AspNetCompiler.PhysicalPath = "RTSCTF.Web\"
		Release.AspNetCompiler.TargetPath = "PrecompiledWeb\RTSCTF.Web\"
		Release.AspNetCompiler.Updateable = "true"
		Release.AspNetCompiler.ForceOverwrite = "true"
		Release.AspNetCompiler.FixedNames = "false"
		Release.AspNetCompiler.Debug = "False"
		VWDPort = "51729"
		DefaultWebSiteLanguage = "Visual C#"
	EndProjectSection
EndProject
Global
	GlobalSection(SolutionConfigurationPlatforms) = preSolution
		Debug|Any CPU = Debug|Any CPU
		Debug|Mixed Platforms = Debug|Mixed Platforms
		Debug|x86 = Debug|x86
		Release|Any CPU = Release|Any CPU
		Release|Mixed Platforms = Release|Mixed Platforms
		Release|x86 = Release|x86
	EndGlobalSection
	GlobalSection(ProjectConfigurationPlatforms) = postSolution
		{CC99B0CA-DBCD-4E70-8BB4-F7D1D043E2A6}.Debug|Any CPU.ActiveCfg = Debug|x86
		{CC99B0CA-DBCD-4E70-8BB4-F7D1D043E2A6}.Debug|Mixed Platforms.ActiveCfg = Debug|x86
		{CC99B0CA-DBCD-4E70-8BB4-F7D1D043E2A6}.Debug|Mixed Platforms.Build.0 = Debug|x86
		{CC99B0CA-DBCD-4E70-8BB4-F7D1D043E2A6}.Debug|x86.ActiveCfg = Debug|x86
		{CC99B0CA-DBCD-4E70-8BB4-F7D1D043E2A6}.Debug|x86.Build.0 = Debug|x86
		{CC99B0CA-DBCD-4E70-8BB4-F7D1D043E2A6}.Release|Any CPU.ActiveCfg = Release|x86
		{CC99B0CA-DBCD-4E70-8BB4-F7D1D043E2A6}.Release|Mixed Platforms.ActiveCfg = Release|x86
		{CC99B0CA-DBCD-4E70-8BB4-F7D1D043E2A6}.Release|Mixed Platforms.Build.0 = Release|x86
		{CC99B0CA-DBCD-4E70-8BB4-F7D1D043E2A6}.Release|x86.ActiveCfg = Release|x86
		{CC99B0CA-DBCD-4E70-8BB4-F7D1D043E2A6}.Release|x86.Build.0 = Release|x86
		{31C04476-A891-4C3E-B83D-3C37DCA6688B}.Debug|Any CPU.ActiveCfg = Debug|Any CPU
		{31C04476-A891-4C3E-B83D-3C37DCA6688B}.Debug|Any CPU.Build.0 = Debug|Any CPU
		{31C04476-A891-4C3E-B83D-3C37DCA6688B}.Debug|Mixed Platforms.ActiveCfg = Debug|Any CPU
		{31C04476-A891-4C3E-B83D-3C37DCA6688B}.Debug|Mixed Platforms.Build.0 = Debug|Any CPU
		{31C04476-A891-4C3E-B83D-3C37DCA6688B}.Debug|x86.ActiveCfg = Debug|Any CPU
		{31C04476-A891-4C3E-B83D-3C37DCA6688B}.Release|Any CPU.ActiveCfg = Debug|Any CPU
		{31C04476-A891-4C3E-B83D-3C37DCA6688B}.Release|Any CPU.Build.0 = Debug|Any CPU
		{31C04476-A891-4C3E-B83D-3C37DCA6688B}.Release|Mixed Platforms.ActiveCfg = Debug|Any CPU
		{31C04476-A891-4C3E-B83D-3C37DCA6688B}.Release|Mixed Platforms.Build.0 = Debug|Any CPU
		{31C04476-A891-4C3E-B83D-3C37DCA6688B}.Release|x86.ActiveCfg = Debug|Any CPU
	EndGlobalSection
	GlobalSection(SolutionProperties) = preSolution
		HideSolutionNode = FALSE
	EndGlobalSection
EndGlobal
